{
  "name": "cron-job-with-github-actions-test",
  "version": "1.0.0",
  "lockfileVersion": 3,
  "requires": true,
  "packages": {
    "": {
      "name": "cron-job-with-github-actions-test",
      "version": "1.0.0",
      "license": "ISC",
      "dependencies": {
        "timer-node": "^5.0.9"
      }
    },
    "node_modules/timer-node": {
      "version": "5.0.9",
      "resolved": "https://registry.npmjs.org/timer-node/-/timer-node-5.0.9.tgz",
      "integrity": "sha512-zXxCE/5/YDi0hY9pygqgRqjRbrFRzigYxOudG0I3syaqAAmX9/w9sxex1bNFCN6c1S66RwPtEIJv65dN+1psew==",
      "license": "MIT"
    }
  }
}
